// !$*UTF8*$!
{
	archiveVersion = 1;
	classes = {
	};
	objectVersion = 46;
	objects = {

/* Begin PBXBuildFile section */
		244B4B701D5132B500AAB180 /* AppDelegate.swift in Sources */ = {isa = PBXBuildFile; fileRef = 244B4B6F1D5132B500AAB180 /* AppDelegate.swift */; };
		244B4B721D5132B500AAB180 /* ViewController.swift in Sources */ = {isa = PBXBuildFile; fileRef = 244B4B711D5132B500AAB180 /* ViewController.swift */; };
		244B4B751D5132B500AAB180 /* Main.storyboard in Resources */ = {isa = PBXBuildFile; fileRef = 244B4B731D5132B500AAB180 /* Main.storyboard */; };
		244B4B781D5132B500AAB180 /* LessonOne.xcdatamodeld in Sources */ = {isa = PBXBuildFile; fileRef = 244B4B761D5132B500AAB180 /* LessonOne.xcdatamodeld */; };
		244B4B7A1D5132B500AAB180 /* Assets.xcassets in Resources */ = {isa = PBXBuildFile; fileRef = 244B4B791D5132B500AAB180 /* Assets.xcassets */; };
		244B4B7D1D5132B500AAB180 /* LaunchScreen.storyboard in Resources */ = {isa = PBXBuildFile; fileRef = 244B4B7B1D5132B500AAB180 /* LaunchScreen.storyboard */; };
/* End PBXBuildFile section */

/* Begin PBXFileReference section */
		244B4B6C1D5132B500AAB180 /* LessonOne.app */ = {isa = PBXFileReference; explicitFileType = wrapper.application; includeInIndex = 0; path = LessonOne.app; sourceTree = BUILT_PRODUCTS_DIR; };
		244B4B6F1D5132B500AAB180 /* AppDelegate.swift */ = {isa = PBXFileReference; lastKnownFileType = sourcecode.swift; path = AppDelegate.swift; sourceTree = "<group>"; };
		244B4B711D5132B500AAB180 /* ViewController.swift */ = {isa = PBXFileReference; lastKnownFileType = sourcecode.swift; path = ViewController.swift; sourceTree = "<group>"; };
		244B4B741D5132B500AAB180 /* Base */ = {isa = PBXFileReference; lastKnownFileType = file.storyboard; name = Base; path = Base.lproj/Main.storyboard; sourceTree = "<group>"; };
		244B4B771D5132B500AAB180 /* LessonOne.xcdatamodel */ = {isa = PBXFileReference; lastKnownFileType = wrapper.xcdatamodel; path = LessonOne.xcdatamodel; sourceTree = "<group>"; };
		244B4B791D5132B500AAB180 /* Assets.xcassets */ = {isa = PBXFileReference; lastKnownFileType = folder.assetcatalog; path = Assets.xcassets; sourceTree = "<group>"; };
		244B4B7C1D5132B500AAB180 /* Base */ = {isa = PBXFileReference; lastKnownFileType = file.storyboard; name = Base; path = Base.lproj/LaunchScreen.storyboard; sourceTree = "<group>"; };
		244B4B7E1D5132B500AAB180 /* Info.plist */ = {isa = PBXFileReference; lastKnownFileType = text.plist.xml; path = Info.plist; sourceTree = "<group>"; };
/* End PBXFileReference section */

/* Begin PBXFrameworksBuildPhase section */
		244B4B691D5132B500AAB180 /* Frameworks */ = {
			isa = PBXFrameworksBuildPhase;
			buildActionMask = 2147483647;
			files = (
			);
			runOnlyForDeploymentPostprocessing = 0;
		};
/* End PBXFrameworksBuildPhase section */

/* Begin PBXGroup section */
		244B4B631D5132B500AAB180 = {
			isa = PBXGroup;
			children = (
				244B4B6E1D5132B500AAB180 /* LessonOne */,
				244B4B6D1D5132B500AAB180 /* Products */,
			);
			sourceTree = "<group>";
		};
		244B4B6D1D5132B500AAB180 /* Products */ = {
			isa = PBXGroup;
			children = (
				244B4B6C1D5132B500AAB180 /* LessonOne.app */,
			);
			name = Products;
			sourceTree = "<group>";
		};
		244B4B6E1D5132B500AAB180 /* LessonOne */ = {
			isa = PBXGroup;
			children = (
				244B4B6F1D5132B500AAB180 /* AppDelegate.swift */,
				244B4B711D5132B500AAB180 /* ViewController.swift */,
				244B4B731D5132B500AAB180 /* Main.storyboard */,
				244B4B791D5132B500AAB180 /* Assets.xcassets */,
				244B4B7B1D5132B500AAB180 /* LaunchScreen.storyboard */,
				244B4B7E1D5132B500AAB180 /* Info.plist */,
				244B4B761D5132B500AAB180 /* LessonOne.xcdatamodeld */,
			);
			path = LessonOne;
			sourceTree = "<group>";
		};
/* End PBXGroup section */

/* Begin PBXNativeTarget section */
		244B4B6B1D5132B500AAB180 /* LessonOne */ = {
			isa = PBXNativeTarget;
			buildConfigurationList = 244B4B811D5132B500AAB180 /* Build configuration list for PBXNativeTarget "LessonOne" */;
			buildPhases = (
				244B4B681D5132B500AAB180 /* Sources */,
				244B4B691D5132B500AAB180 /* Frameworks */,
				244B4B6A1D5132B500AAB180 /* Resources */,
			);
			buildRules = (
			);
			dependencies = (
			);
			name = LessonOne;
			productName = LessonOne;
			productReference = 244B4B6C1D5132B500AAB180 /* LessonOne.app */;
			productType = "com.apple.product-type.application";
		};
/* End PBXNativeTarget section */

/* Begin PBXProject section */
		244B4B641D5132B500AAB180 /* Project object */ = {
			isa = PBXProject;
			attributes = {
				LastSwiftUpdateCheck = 0730;
				LastUpgradeCheck = 0730;
				ORGANIZATIONNAME = Proxicon;
				TargetAttributes = {
					244B4B6B1D5132B500AAB180 = {
						CreatedOnToolsVersion = 7.3;
					};
				};
			};
			buildConfigurationList = 244B4B671D5132B500AAB180 /* Build configuration list for PBXProject "LessonOne" */;
			compatibilityVersion = "Xcode 3.2";
			developmentRegion = English;
			hasScannedForEncodings = 0;
			knownRegions = (
				en,
				Base,
			);
			mainGroup = 244B4B631D5132B500AAB180;
			productRefGroup = 244B4B6D1D5132B500AAB180 /* Products */;
			projectDirPath = "";
			projectRoot = "";
			targets = (
				244B4B6B1D5132B500AAB180 /* LessonOne */,
			);
		};
/* End PBXProject section */

/* Begin PBXResourcesBuildPhase section */
		244B4B6A1D5132B500AAB180 /* Resources */ = {
			isa = PBXResourcesBuildPhase;
			buildActionMask = 2147483647;
			files = (
				244B4B7D1D5132B500AAB180 /* LaunchScreen.storyboard in Resources */,
				244B4B7A1D5132B500AAB180 /* Assets.xcassets in Resources */,
				244B4B751D5132B500AAB180 /* Main.storyboard in Resources */,
			);
			runOnlyForDeploymentPostprocessing = 0;
		};
/* End PBXResourcesBuildPhase section */

/* Begin PBXSourcesBuildPhase section */
		244B4B681D5132B500AAB180 /* Sources */ = {
			isa = PBXSourcesBuildPhase;
			buildActionMask = 2147483647;
			files = (
				244B4B721D5132B500AAB180 /* ViewController.swift in Sources */,
				244B4B781D5132B500AAB180 /* LessonOne.xcdatamodeld in Sources */,
				244B4B701D5132B500AAB180 /* AppDelegate.swift in Sources */,
			);
			runOnlyForDeploymentPostprocessing = 0;
		};
/* End PBXSourcesBuildPhase section */

/* Begin PBXVariantGroup section */
		244B4B731D5132B500AAB180 /* Main.storyboard */ = {
			isa = PBXVariantGroup;
			children = (
				244B4B741D5132B500AAB180 /* Base */,
			);
			name = Main.storyboard;
			sourceTree = "<group>";
		};
		244B4B7B1D5132B500AAB180 /* LaunchScreen.storyboard */ = {
			isa = PBXVariantGroup;
			children = (
				244B4B7C1D5132B500AAB180 /* Base */,
			);
			name = LaunchScreen.storyboard;
			sourceTree = "<group>";
		};
/* End PBXVariantGroup section */

/* Begin XCBuildConfiguration section */
		244B4B7F1D5132B500AAB180 /* Debug */ = {
			isa = XCBuildConfiguration;
			buildSettings = {
				ALWAYS_SEARCH_USER_PATHS = NO;
				CLANG_ANALYZER_NONNULL = YES;
				CLANG_CXX_LANGUAGE_STANDARD = "gnu++0x";
				CLANG_CXX_LIBRARY = "libc++";
				CLANG_ENABLE_MODULES = YES;
				CLANG_ENABLE_OBJC_ARC = YES;
				CLANG_WARN_BOOL_CONVERSION = YES;
				CLANG_WARN_CONSTANT_CONVERSION = YES;
				CLANG_WARN_DIRECT_OBJC_ISA_USAGE = YES_ERROR;
				CLANG_WARN_EMPTY_BODY = YES;
				CLANG_WARN_ENUM_CONVERSION = YES;
				CLANG_WARN_INT_CONVERSION = YES;
				CLANG_WARN_OBJC_ROOT_CLASS = YES_ERROR;
				CLANG_WARN_UNREACHABLE_CODE = YES;
				CLANG_WARN__DUPLICATE_METHOD_MATCH = YES;
				"CODE_SIGN_IDENTITY[sdk=iphoneos*]" = "iPhone Developer";
				COPY_PHASE_STRIP = NO;
				DEBUG_INFORMATION_FORMAT = dwarf;
				ENABLE_STRICT_OBJC_MSGSEND = YES;
				ENABLE_TESTABILITY = YES;
				GCC_C_LANGUAGE_STANDARD = gnu99;
				GCC_DYNAMIC_NO_PIC = NO;
				GCC_NO_COMMON_BLOCKS = YES;
				GCC_OPTIMIZATION_LEVEL = 0;
				GCC_PREPROCESSOR_DEFINITIONS = (
					"DEBUG=1",
					"$(inherited)",
				);
				GCC_WARN_64_TO_32_BIT_CONVERSION = YES;
				GCC_WARN_ABOUT_RETURN_TYPE = YES_ERROR;
				GCC_WARN_UNDECLARED_SELECTOR = YES;
				GCC_WARN_UNINITIALIZED_AUTOS = YES_AGGRESSIVE;
				GCC_WARN_UNUSED_FUNCTION = YES;
				GCC_WARN_UNUSED_VARIABLE = YES;
				IPHONEOS_DEPLOYMENT_TARGET = 9.3;
				MTL_ENABLE_DEBUG_INFO = YES;
				ONLY_ACTIVE_ARCH = YES;
				SDKROOT = iphoneos;
				SWIFT_OPTIMIZATION_LEVEL = "-Onone";
			};
			name = Debug;
		};
		244B4B801D5132B500AAB180 /* Release */ = {
			isa = XCBuildConfiguration;
			buildSettings = {
				ALWAYS_SEARCH_USER_PATHS = NO;
				CLANG_ANALYZER_NONNULL = YES;
				CLANG_CXX_LANGUAGE_STANDARD = "gnu++0x";
				CLANG_CXX_LIBRARY = "libc++";
				CLANG_ENABLE_MODULES = YES;
				CLANG_ENABLE_OBJC_ARC = YES;
				CLANG_WARN_BOOL_CONVERSION = YES;
				CLANG_WARN_CONSTANT_CONVERSION = YES;
				CLANG_WARN_DIRECT_OBJC_ISA_USAGE = YES_ERROR;
				CLANG_WARN_EMPTY_BODY = YES;
				CLANG_WARN_ENUM_CONVERSION = YES;
				CLANG_WARN_INT_CONVERSION = YES;
				CLANG_WARN_OBJC_ROOT_CLASS = YES_ERROR;
				CLANG_WARN_UNREACHABLE_CODE = YES;
				CLANG_WARN__DUPLICATE_METHOD_MATCH = YES;
				"CODE_SIGN_IDENTITY[sdk=iphoneos*]" = "iPhone Developer";
				COPY_PHASE_STRIP = NO;
				DEBUG_INFORMATION_FORMAT = "dwarf-with-dsym";
				ENABLE_NS_ASSERTIONS = NO;
				ENABLE_STRICT_OBJC_MSGSEND = YES;
				GCC_C_LANGUAGE_STANDARD = gnu99;
				GCC_NO_COMMON_BLOCKS = YES;
				GCC_WARN_64_TO_32_BIT_CONVERSION = YES;
				GCC_WARN_ABOUT_RETURN_TYPE = YES_ERROR;
				GCC_WARN_UNDECLARED_SELECTOR = YES;
				GCC_WARN_UNINITIALIZED_AUTOS = YES_AGGRESSIVE;
				GCC_WARN_UNUSED_FUNCTION = YES;
				GCC_WARN_UNUSED_VARIABLE = YES;
				IPHONEOS_DEPLOYMENT_TARGET = 9.3;
				MTL_ENABLE_DEBUG_INFO = NO;
				SDKROOT = iphoneos;
				VALIDATE_PRODUCT = YES;
			};
			name = Release;
		};
		244B4B821D5132B500AAB180 /* Debug */ = {
			isa = XCBuildConfiguration;
			buildSettings = {
				ASSETCATALOG_COMPILER_APPICON_NAME = AppIcon;
				INFOPLIST_FILE = LessonOne/Info.plist;
				LD_RUNPATH_SEARCH_PATHS = "$(inherited) @executable_path/Frameworks";
				PRODUCT_BUNDLE_IDENTIFIER = io.Proxicon.LessonOne;
				PRODUCT_NAME = "$(TARGET_NAME)";
			};
			name = Debug;
		};
		244B4B831D5132B500AAB180 /* Release */ = {
			isa = XCBuildConfiguration;
			buildSettings = {
				ASSETCATALOG_COMPILER_APPICON_NAME = AppIcon;
				INFOPLIST_FILE = LessonOne/Info.plist;
				LD_RUNPATH_SEARCH_PATHS = "$(inherited) @executable_path/Frameworks";
				PRODUCT_BUNDLE_IDENTIFIER = io.Proxicon.LessonOne;
				PRODUCT_NAME = "$(TARGET_NAME)";
			};
			name = Release;
		};
/* End XCBuildConfiguration section */

/* Begin XCConfigurationList section */
		244B4B671D5132B500AAB180 /* Build configuration list for PBXProject "LessonOne" */ = {
			isa = XCConfigurationList;
			buildConfigurations = (
				244B4B7F1D5132B500AAB180 /* Debug */,
				244B4B801D5132B500AAB180 /* Release */,
			);
			defaultConfigurationIsVisible = 0;
			defaultConfigurationName = Release;
		};
		244B4B811D5132B500AAB180 /* Build configuration list for PBXNativeTarget "LessonOne" */ = {
			isa = XCConfigurationList;
			buildConfigurations = (
				244B4B821D5132B500AAB180 /* Debug */,
				244B4B831D5132B500AAB180 /* Release */,
			);
			defaultConfigurationIsVisible = 0;
		};
/* End XCConfigurationList section */

/* Begin XCVersionGroup section */
		244B4B761D5132B500AAB180 /* LessonOne.xcdatamodeld */ = {
			isa = XCVersionGroup;
			children = (
				244B4B771D5132B500AAB180 /* LessonOne.xcdatamodel */,
			);
			currentVersion = 244B4B771D5132B500AAB180 /* LessonOne.xcdatamodel */;
			path = LessonOne.xcdatamodeld;
			sourceTree = "<group>";
			versionGroupType = wrapper.xcdatamodel;
		};
/* End XCVersionGroup section */
	};
	rootObject = 244B4B641D5132B500AAB180 /* Project object */;
}
